
Microsoft Visual Studio Solution File, Format Version 12.00
# Visual Studio Version 16
VisualStudioVersion = 16.0.30717.126
MinimumVisualStudioVersion = 10.0.40219.1
Project("{FAE04EC0-301F-11D3-BF4B-00C04F79EFBC}") = "CourseProject_Eselevich", "CourseProject_Eselevich\CourseProject_Eselevich.csproj", "{32A25A0A-BCFE-4B0C-A03D-0E19E043E856}"
EndProject
Global
	GlobalSection(SolutionConfigurationPlatforms) = preSolution
		Debug|Any CPU = Debug|Any CPU
		Release|Any CPU = Release|Any CPU
	EndGlobalSection
	GlobalSection(ProjectConfigurationPlatforms) = postSolution
		{32A25A0A-BCFE-4B0C-A03D-0E19E043E856}.Debug|Any CPU.ActiveCfg = Debug|Any CPU
		{32A25A0A-BCFE-4B0C-A03D-0E19E043E856}.Debug|Any CPU.Build.0 = Debug|Any CPU
		{32A25A0A-BCFE-4B0C-A03D-0E19E043E856}.Release|Any CPU.ActiveCfg = Release|Any CPU
		{32A25A0A-BCFE-4B0C-A03D-0E19E043E856}.Release|Any CPU.Build.0 = Release|Any CPU
	EndGlobalSection
	GlobalSection(SolutionProperties) = preSolution
		HideSolutionNode = FALSE
	EndGlobalSection
	GlobalSection(ExtensibilityGlobals) = postSolution
		SolutionGuid = {E5BCCB93-6B08-48A8-8E56-D9E49EF8628F}
	EndGlobalSection
EndGlobal
